
Microsoft Visual Studio Solution File, Format Version 12.00
# Visual Studio Version 16
VisualStudioVersion = 16.0.30002.166
MinimumVisualStudioVersion = 10.0.40219.1
Project("{FAE04EC0-301F-11D3-BF4B-00C04F79EFBC}") = "Auth", "Auth\Auth.csproj", "{54317271-6837-42E0-B254-4F3970AAA28E}"
EndProject
Global
	GlobalSection(SolutionConfigurationPlatforms) = preSolution
		Debug|Any CPU = Debug|Any CPU
		Release|Any CPU = Release|Any CPU
	EndGlobalSection
	GlobalSection(ProjectConfigurationPlatforms) = postSolution
		{54317271-6837-42E0-B254-4F3970AAA28E}.Debug|Any CPU.ActiveCfg = Debug|Any CPU
		{54317271-6837-42E0-B254-4F3970AAA28E}.Debug|Any CPU.Build.0 = Debug|Any CPU
		{54317271-6837-42E0-B254-4F3970AAA28E}.Release|Any CPU.ActiveCfg = Release|Any CPU
		{54317271-6837-42E0-B254-4F3970AAA28E}.Release|Any CPU.Build.0 = Release|Any CPU
	EndGlobalSection
	GlobalSection(SolutionProperties) = preSolution
		HideSolutionNode = FALSE
	EndGlobalSection
	GlobalSection(ExtensibilityGlobals) = postSolution
		SolutionGuid = {AFD641A7-13CE-4E8F-B31C-EF5DB4B01A69}
	EndGlobalSection
EndGlobal
